// !$*UTF8*$!
{
	archiveVersion = 1;
	classes = {
	};
	objectVersion = 50;
	objects = {

/* Begin PBXBuildFile section */
		4D84C636222E94EE00DC75EF /* ProfileModel.swift in Sources */ = {isa = PBXBuildFile; fileRef = 4D84C635222E94EE00DC75EF /* ProfileModel.swift */; };
		4D84C638222E950300DC75EF /* ProfilePresenter.swift in Sources */ = {isa = PBXBuildFile; fileRef = 4D84C637222E950300DC75EF /* ProfilePresenter.swift */; };
		4DB4D8F2221EBCEA0019F972 /* AppDelegate.swift in Sources */ = {isa = PBXBuildFile; fileRef = 4DB4D8F1221EBCEA0019F972 /* AppDelegate.swift */; };
		4DB4D8F4221EBCEA0019F972 /* ProfileViewController.swift in Sources */ = {isa = PBXBuildFile; fileRef = 4DB4D8F3221EBCEA0019F972 /* ProfileViewController.swift */; };
		4DB4D8F7221EBCEA0019F972 /* Main.storyboard in Resources */ = {isa = PBXBuildFile; fileRef = 4DB4D8F5221EBCEA0019F972 /* Main.storyboard */; };
		4DB4D8FA221EBCEA0019F972 /* WhyUseMVP.xcdatamodeld in Sources */ = {isa = PBXBuildFile; fileRef = 4DB4D8F8221EBCEA0019F972 /* WhyUseMVP.xcdatamodeld */; };
		4DB4D8FC221EBCEA0019F972 /* Assets.xcassets in Resources */ = {isa = PBXBuildFile; fileRef = 4DB4D8FB221EBCEA0019F972 /* Assets.xcassets */; };
		4DB4D8FF221EBCEA0019F972 /* LaunchScreen.storyboard in Resources */ = {isa = PBXBuildFile; fileRef = 4DB4D8FD221EBCEA0019F972 /* LaunchScreen.storyboard */; };
		4DB4D90A221EBCEA0019F972 /* WhyUseMVPTests.swift in Sources */ = {isa = PBXBuildFile; fileRef = 4DB4D909221EBCEA0019F972 /* WhyUseMVPTests.swift */; };
		4DB4D915221EBCEA0019F972 /* WhyUseMVPUITests.swift in Sources */ = {isa = PBXBuildFile; fileRef = 4DB4D914221EBCEA0019F972 /* WhyUseMVPUITests.swift */; };
/* End PBXBuildFile section */

/* Begin PBXContainerItemProxy section */
		4DB4D906221EBCEA0019F972 /* PBXContainerItemProxy */ = {
			isa = PBXContainerItemProxy;
			containerPortal = 4DB4D8E6221EBCE90019F972 /* Project object */;
			proxyType = 1;
			remoteGlobalIDString = 4DB4D8ED221EBCEA0019F972;
			remoteInfo = WhyUseMVP;
		};
		4DB4D911221EBCEA0019F972 /* PBXContainerItemProxy */ = {
			isa = PBXContainerItemProxy;
			containerPortal = 4DB4D8E6221EBCE90019F972 /* Project object */;
			proxyType = 1;
			remoteGlobalIDString = 4DB4D8ED221EBCEA0019F972;
			remoteInfo = WhyUseMVP;
		};
/* End PBXContainerItemProxy section */

/* Begin PBXFileReference section */
		4D84C635222E94EE00DC75EF /* ProfileModel.swift */ = {isa = PBXFileReference; lastKnownFileType = sourcecode.swift; path = ProfileModel.swift; sourceTree = "<group>"; };
		4D84C637222E950300DC75EF /* ProfilePresenter.swift */ = {isa = PBXFileReference; lastKnownFileType = sourcecode.swift; path = ProfilePresenter.swift; sourceTree = "<group>"; };
		4DB4D8EE221EBCEA0019F972 /* WhyUseMVP.app */ = {isa = PBXFileReference; explicitFileType = wrapper.application; includeInIndex = 0; path = WhyUseMVP.app; sourceTree = BUILT_PRODUCTS_DIR; };
		4DB4D8F1221EBCEA0019F972 /* AppDelegate.swift */ = {isa = PBXFileReference; lastKnownFileType = sourcecode.swift; path = AppDelegate.swift; sourceTree = "<group>"; };
		4DB4D8F3221EBCEA0019F972 /* ProfileViewController.swift */ = {isa = PBXFileReference; lastKnownFileType = sourcecode.swift; path = ProfileViewController.swift; sourceTree = "<group>"; };
		4DB4D8F6221EBCEA0019F972 /* Base */ = {isa = PBXFileReference; lastKnownFileType = file.storyboard; name = Base; path = Base.lproj/Main.storyboard; sourceTree = "<group>"; };
		4DB4D8F9221EBCEA0019F972 /* WhyUseMVP.xcdatamodel */ = {isa = PBXFileReference; lastKnownFileType = wrapper.xcdatamodel; path = WhyUseMVP.xcdatamodel; sourceTree = "<group>"; };
		4DB4D8FB221EBCEA0019F972 /* Assets.xcassets */ = {isa = PBXFileReference; lastKnownFileType = folder.assetcatalog; path = Assets.xcassets; sourceTree = "<group>"; };
		4DB4D8FE221EBCEA0019F972 /* Base */ = {isa = PBXFileReference; lastKnownFileType = file.storyboard; name = Base; path = Base.lproj/LaunchScreen.storyboard; sourceTree = "<group>"; };
		4DB4D900221EBCEA0019F972 /* Info.plist */ = {isa = PBXFileReference; lastKnownFileType = text.plist.xml; path = Info.plist; sourceTree = "<group>"; };
		4DB4D905221EBCEA0019F972 /* WhyUseMVPTests.xctest */ = {isa = PBXFileReference; explicitFileType = wrapper.cfbundle; includeInIndex = 0; path = WhyUseMVPTests.xctest; sourceTree = BUILT_PRODUCTS_DIR; };
		4DB4D909221EBCEA0019F972 /* WhyUseMVPTests.swift */ = {isa = PBXFileReference; lastKnownFileType = sourcecode.swift; path = WhyUseMVPTests.swift; sourceTree = "<group>"; };
		4DB4D90B221EBCEA0019F972 /* Info.plist */ = {isa = PBXFileReference; lastKnownFileType = text.plist.xml; path = Info.plist; sourceTree = "<group>"; };
		4DB4D910221EBCEA0019F972 /* WhyUseMVPUITests.xctest */ = {isa = PBXFileReference; explicitFileType = wrapper.cfbundle; includeInIndex = 0; path = WhyUseMVPUITests.xctest; sourceTree = BUILT_PRODUCTS_DIR; };
		4DB4D914221EBCEA0019F972 /* WhyUseMVPUITests.swift */ = {isa = PBXFileReference; lastKnownFileType = sourcecode.swift; path = WhyUseMVPUITests.swift; sourceTree = "<group>"; };
		4DB4D916221EBCEA0019F972 /* Info.plist */ = {isa = PBXFileReference; lastKnownFileType = text.plist.xml; path = Info.plist; sourceTree = "<group>"; };
/* End PBXFileReference section */

/* Begin PBXFrameworksBuildPhase section */
		4DB4D8EB221EBCEA0019F972 /* Frameworks */ = {
			isa = PBXFrameworksBuildPhase;
			buildActionMask = 2147483647;
			files = (
			);
			runOnlyForDeploymentPostprocessing = 0;
		};
		4DB4D902221EBCEA0019F972 /* Frameworks */ = {
			isa = PBXFrameworksBuildPhase;
			buildActionMask = 2147483647;
			files = (
			);
			runOnlyForDeploymentPostprocessing = 0;
		};
		4DB4D90D221EBCEA0019F972 /* Frameworks */ = {
			isa = PBXFrameworksBuildPhase;
			buildActionMask = 2147483647;
			files = (
			);
			runOnlyForDeploymentPostprocessing = 0;
		};
/* End PBXFrameworksBuildPhase section */

/* Begin PBXGroup section */
		4D524E57221EF98800C6A735 /* SupportFiles */ = {
			isa = PBXGroup;
			children = (
				4DB4D8F1221EBCEA0019F972 /* AppDelegate.swift */,
				4DB4D8FD221EBCEA0019F972 /* LaunchScreen.storyboard */,
				4DB4D8F5221EBCEA0019F972 /* Main.storyboard */,
				4DB4D900221EBCEA0019F972 /* Info.plist */,
				4DB4D8FB221EBCEA0019F972 /* Assets.xcassets */,
				4DB4D8F8221EBCEA0019F972 /* WhyUseMVP.xcdatamodeld */,
			);
			path = SupportFiles;
			sourceTree = "<group>";
		};
		4D84C632222E949200DC75EF /* Models */ = {
			isa = PBXGroup;
			children = (
				4D84C635222E94EE00DC75EF /* ProfileModel.swift */,
			);
			path = Models;
			sourceTree = "<group>";
		};
		4D84C633222E949A00DC75EF /* View */ = {
			isa = PBXGroup;
			children = (
				4DB4D8F3221EBCEA0019F972 /* ProfileViewController.swift */,
			);
			path = View;
			sourceTree = "<group>";
		};
		4D84C634222E94A500DC75EF /* Presenter */ = {
			isa = PBXGroup;
			children = (
				4D84C637222E950300DC75EF /* ProfilePresenter.swift */,
			);
			path = Presenter;
			sourceTree = "<group>";
		};
		4DB4D8E5221EBCE90019F972 = {
			isa = PBXGroup;
			children = (
				4DB4D8F0221EBCEA0019F972 /* WhyUseMVP */,
				4DB4D908221EBCEA0019F972 /* WhyUseMVPTests */,
				4DB4D913221EBCEA0019F972 /* WhyUseMVPUITests */,
				4DB4D8EF221EBCEA0019F972 /* Products */,
			);
			sourceTree = "<group>";
		};
		4DB4D8EF221EBCEA0019F972 /* Products */ = {
			isa = PBXGroup;
			children = (
				4DB4D8EE221EBCEA0019F972 /* WhyUseMVP.app */,
				4DB4D905221EBCEA0019F972 /* WhyUseMVPTests.xctest */,
				4DB4D910221EBCEA0019F972 /* WhyUseMVPUITests.xctest */,
			);
			name = Products;
			sourceTree = "<group>";
		};
		4DB4D8F0221EBCEA0019F972 /* WhyUseMVP */ = {
			isa = PBXGroup;
			children = (
				4D84C632222E949200DC75EF /* Models */,
				4D84C633222E949A00DC75EF /* View */,
				4D84C634222E94A500DC75EF /* Presenter */,
				4D524E57221EF98800C6A735 /* SupportFiles */,
			);
			path = WhyUseMVP;
			sourceTree = "<group>";
		};
		4DB4D908221EBCEA0019F972 /* WhyUseMVPTests */ = {
			isa = PBXGroup;
			children = (
				4DB4D909221EBCEA0019F972 /* WhyUseMVPTests.swift */,
				4DB4D90B221EBCEA0019F972 /* Info.plist */,
			);
			path = WhyUseMVPTests;
			sourceTree = "<group>";
		};
		4DB4D913221EBCEA0019F972 /* WhyUseMVPUITests */ = {
			isa = PBXGroup;
			children = (
				4DB4D914221EBCEA0019F972 /* WhyUseMVPUITests.swift */,
				4DB4D916221EBCEA0019F972 /* Info.plist */,
			);
			path = WhyUseMVPUITests;
			sourceTree = "<group>";
		};
/* End PBXGroup section */

/* Begin PBXNativeTarget section */
		4DB4D8ED221EBCEA0019F972 /* WhyUseMVP */ = {
			isa = PBXNativeTarget;
			buildConfigurationList = 4DB4D919221EBCEA0019F972 /* Build configuration list for PBXNativeTarget "WhyUseMVP" */;
			buildPhases = (
				4DB4D8EA221EBCEA0019F972 /* Sources */,
				4DB4D8EB221EBCEA0019F972 /* Frameworks */,
				4DB4D8EC221EBCEA0019F972 /* Resources */,
			);
			buildRules = (
			);
			dependencies = (
			);
			name = WhyUseMVP;
			productName = WhyUseMVP;
			productReference = 4DB4D8EE221EBCEA0019F972 /* WhyUseMVP.app */;
			productType = "com.apple.product-type.application";
		};
		4DB4D904221EBCEA0019F972 /* WhyUseMVPTests */ = {
			isa = PBXNativeTarget;
			buildConfigurationList = 4DB4D91C221EBCEA0019F972 /* Build configuration list for PBXNativeTarget "WhyUseMVPTests" */;
			buildPhases = (
				4DB4D901221EBCEA0019F972 /* Sources */,
				4DB4D902221EBCEA0019F972 /* Frameworks */,
				4DB4D903221EBCEA0019F972 /* Resources */,
			);
			buildRules = (
			);
			dependencies = (
				4DB4D907221EBCEA0019F972 /* PBXTargetDependency */,
			);
			name = WhyUseMVPTests;
			productName = WhyUseMVPTests;
			productReference = 4DB4D905221EBCEA0019F972 /* WhyUseMVPTests.xctest */;
			productType = "com.apple.product-type.bundle.unit-test";
		};
		4DB4D90F221EBCEA0019F972 /* WhyUseMVPUITests */ = {
			isa = PBXNativeTarget;
			buildConfigurationList = 4DB4D91F221EBCEA0019F972 /* Build configuration list for PBXNativeTarget "WhyUseMVPUITests" */;
			buildPhases = (
				4DB4D90C221EBCEA0019F972 /* Sources */,
				4DB4D90D221EBCEA0019F972 /* Frameworks */,
				4DB4D90E221EBCEA0019F972 /* Resources */,
			);
			buildRules = (
			);
			dependencies = (
				4DB4D912221EBCEA0019F972 /* PBXTargetDependency */,
			);
			name = WhyUseMVPUITests;
			productName = WhyUseMVPUITests;
			productReference = 4DB4D910221EBCEA0019F972 /* WhyUseMVPUITests.xctest */;
			productType = "com.apple.product-type.bundle.ui-testing";
		};
/* End PBXNativeTarget section */

/* Begin PBXProject section */
		4DB4D8E6221EBCE90019F972 /* Project object */ = {
			isa = PBXProject;
			attributes = {
				LastSwiftUpdateCheck = 1010;
				LastUpgradeCheck = 1010;
				ORGANIZATIONNAME = "Mohamed Rabie";
				TargetAttributes = {
					4DB4D8ED221EBCEA0019F972 = {
						CreatedOnToolsVersion = 10.1;
					};
					4DB4D904221EBCEA0019F972 = {
						CreatedOnToolsVersion = 10.1;
						TestTargetID = 4DB4D8ED221EBCEA0019F972;
					};
					4DB4D90F221EBCEA0019F972 = {
						CreatedOnToolsVersion = 10.1;
						TestTargetID = 4DB4D8ED221EBCEA0019F972;
					};
				};
			};
			buildConfigurationList = 4DB4D8E9221EBCE90019F972 /* Build configuration list for PBXProject "WhyUseMVP" */;
			compatibilityVersion = "Xcode 9.3";
			developmentRegion = en;
			hasScannedForEncodings = 0;
			knownRegions = (
				en,
				Base,
			);
			mainGroup = 4DB4D8E5221EBCE90019F972;
			productRefGroup = 4DB4D8EF221EBCEA0019F972 /* Products */;
			projectDirPath = "";
			projectRoot = "";
			targets = (
				4DB4D8ED221EBCEA0019F972 /* WhyUseMVP */,
				4DB4D904221EBCEA0019F972 /* WhyUseMVPTests */,
				4DB4D90F221EBCEA0019F972 /* WhyUseMVPUITests */,
			);
		};
/* End PBXProject section */

/* Begin PBXResourcesBuildPhase section */
		4DB4D8EC221EBCEA0019F972 /* Resources */ = {
			isa = PBXResourcesBuildPhase;
			buildActionMask = 2147483647;
			files = (
				4DB4D8FF221EBCEA0019F972 /* LaunchScreen.storyboard in Resources */,
				4DB4D8FC221EBCEA0019F972 /* Assets.xcassets in Resources */,
				4DB4D8F7221EBCEA0019F972 /* Main.storyboard in Resources */,
			);
			runOnlyForDeploymentPostprocessing = 0;
		};
		4DB4D903221EBCEA0019F972 /* Resources */ = {
			isa = PBXResourcesBuildPhase;
			buildActionMask = 2147483647;
			files = (
			);
			runOnlyForDeploymentPostprocessing = 0;
		};
		4DB4D90E221EBCEA0019F972 /* Resources */ = {
			isa = PBXResourcesBuildPhase;
			buildActionMask = 2147483647;
			files = (
			);
			runOnlyForDeploymentPostprocessing = 0;
		};
/* End PBXResourcesBuildPhase section */

/* Begin PBXSourcesBuildPhase section */
		4DB4D8EA221EBCEA0019F972 /* Sources */ = {
			isa = PBXSourcesBuildPhase;
			buildActionMask = 2147483647;
			files = (
				4DB4D8FA221EBCEA0019F972 /* WhyUseMVP.xcdatamodeld in Sources */,
				4DB4D8F4221EBCEA0019F972 /* ProfileViewController.swift in Sources */,
				4DB4D8F2221EBCEA0019F972 /* AppDelegate.swift in Sources */,
				4D84C638222E950300DC75EF /* ProfilePresenter.swift in Sources */,
				4D84C636222E94EE00DC75EF /* ProfileModel.swift in Sources */,
			);
			runOnlyForDeploymentPostprocessing = 0;
		};
		4DB4D901221EBCEA0019F972 /* Sources */ = {
			isa = PBXSourcesBuildPhase;
			buildActionMask = 2147483647;
			files = (
				4DB4D90A221EBCEA0019F972 /* WhyUseMVPTests.swift in Sources */,
			);
			runOnlyForDeploymentPostprocessing = 0;
		};
		4DB4D90C221EBCEA0019F972 /* Sources */ = {
			isa = PBXSourcesBuildPhase;
			buildActionMask = 2147483647;
			files = (
				4DB4D915221EBCEA0019F972 /* WhyUseMVPUITests.swift in Sources */,
			);
			runOnlyForDeploymentPostprocessing = 0;
		};
/* End PBXSourcesBuildPhase section */

/* Begin PBXTargetDependency section */
		4DB4D907221EBCEA0019F972 /* PBXTargetDependency */ = {
			isa = PBXTargetDependency;
			target = 4DB4D8ED221EBCEA0019F972 /* WhyUseMVP */;
			targetProxy = 4DB4D906221EBCEA0019F972 /* PBXContainerItemProxy */;
		};
		4DB4D912221EBCEA0019F972 /* PBXTargetDependency */ = {
			isa = PBXTargetDependency;
			target = 4DB4D8ED221EBCEA0019F972 /* WhyUseMVP */;
			targetProxy = 4DB4D911221EBCEA0019F972 /* PBXContainerItemProxy */;
		};
/* End PBXTargetDependency section */

/* Begin PBXVariantGroup section */
		4DB4D8F5221EBCEA0019F972 /* Main.storyboard */ = {
			isa = PBXVariantGroup;
			children = (
				4DB4D8F6221EBCEA0019F972 /* Base */,
			);
			name = Main.storyboard;
			sourceTree = "<group>";
		};
		4DB4D8FD221EBCEA0019F972 /* LaunchScreen.storyboard */ = {
			isa = PBXVariantGroup;
			children = (
				4DB4D8FE221EBCEA0019F972 /* Base */,
			);
			name = LaunchScreen.storyboard;
			sourceTree = "<group>";
		};
/* End PBXVariantGroup section */

/* Begin XCBuildConfiguration section */
		4DB4D917221EBCEA0019F972 /* Debug */ = {
			isa = XCBuildConfiguration;
			buildSettings = {
				ALWAYS_SEARCH_USER_PATHS = NO;
				CLANG_ANALYZER_NONNULL = YES;
				CLANG_ANALYZER_NUMBER_OBJECT_CONVERSION = YES_AGGRESSIVE;
				CLANG_CXX_LANGUAGE_STANDARD = "gnu++14";
				CLANG_CXX_LIBRARY = "libc++";
				CLANG_ENABLE_MODULES = YES;
				CLANG_ENABLE_OBJC_ARC = YES;
				CLANG_ENABLE_OBJC_WEAK = YES;
				CLANG_WARN_BLOCK_CAPTURE_AUTORELEASING = YES;
				CLANG_WARN_BOOL_CONVERSION = YES;
				CLANG_WARN_COMMA = YES;
				CLANG_WARN_CONSTANT_CONVERSION = YES;
				CLANG_WARN_DEPRECATED_OBJC_IMPLEMENTATIONS = YES;
				CLANG_WARN_DIRECT_OBJC_ISA_USAGE = YES_ERROR;
				CLANG_WARN_DOCUMENTATION_COMMENTS = YES;
				CLANG_WARN_EMPTY_BODY = YES;
				CLANG_WARN_ENUM_CONVERSION = YES;
				CLANG_WARN_INFINITE_RECURSION = YES;
				CLANG_WARN_INT_CONVERSION = YES;
				CLANG_WARN_NON_LITERAL_NULL_CONVERSION = YES;
				CLANG_WARN_OBJC_IMPLICIT_RETAIN_SELF = YES;
				CLANG_WARN_OBJC_LITERAL_CONVERSION = YES;
				CLANG_WARN_OBJC_ROOT_CLASS = YES_ERROR;
				CLANG_WARN_RANGE_LOOP_ANALYSIS = YES;
				CLANG_WARN_STRICT_PROTOTYPES = YES;
				CLANG_WARN_SUSPICIOUS_MOVE = YES;
				CLANG_WARN_UNGUARDED_AVAILABILITY = YES_AGGRESSIVE;
				CLANG_WARN_UNREACHABLE_CODE = YES;
				CLANG_WARN__DUPLICATE_METHOD_MATCH = YES;
				CODE_SIGN_IDENTITY = "iPhone Developer";
				COPY_PHASE_STRIP = NO;
				DEBUG_INFORMATION_FORMAT = dwarf;
				ENABLE_STRICT_OBJC_MSGSEND = YES;
				ENABLE_TESTABILITY = YES;
				GCC_C_LANGUAGE_STANDARD = gnu11;
				GCC_DYNAMIC_NO_PIC = NO;
				GCC_NO_COMMON_BLOCKS = YES;
				GCC_OPTIMIZATION_LEVEL = 0;
				GCC_PREPROCESSOR_DEFINITIONS = (
					"DEBUG=1",
					"$(inherited)",
				);
				GCC_WARN_64_TO_32_BIT_CONVERSION = YES;
				GCC_WARN_ABOUT_RETURN_TYPE = YES_ERROR;
				GCC_WARN_UNDECLARED_SELECTOR = YES;
				GCC_WARN_UNINITIALIZED_AUTOS = YES_AGGRESSIVE;
				GCC_WARN_UNUSED_FUNCTION = YES;
				GCC_WARN_UNUSED_VARIABLE = YES;
				IPHONEOS_DEPLOYMENT_TARGET = 12.1;
				MTL_ENABLE_DEBUG_INFO = INCLUDE_SOURCE;
				MTL_FAST_MATH = YES;
				ONLY_ACTIVE_ARCH = YES;
				SDKROOT = iphoneos;
				SWIFT_ACTIVE_COMPILATION_CONDITIONS = DEBUG;
				SWIFT_OPTIMIZATION_LEVEL = "-Onone";
			};
			name = Debug;
		};
		4DB4D918221EBCEA0019F972 /* Release */ = {
			isa = XCBuildConfiguration;
			buildSettings = {
				ALWAYS_SEARCH_USER_PATHS = NO;
				CLANG_ANALYZER_NONNULL = YES;
				CLANG_ANALYZER_NUMBER_OBJECT_CONVERSION = YES_AGGRESSIVE;
				CLANG_CXX_LANGUAGE_STANDARD = "gnu++14";
				CLANG_CXX_LIBRARY = "libc++";
				CLANG_ENABLE_MODULES = YES;
				CLANG_ENABLE_OBJC_ARC = YES;
				CLANG_ENABLE_OBJC_WEAK = YES;
				CLANG_WARN_BLOCK_CAPTURE_AUTORELEASING = YES;
				CLANG_WARN_BOOL_CONVERSION = YES;
				CLANG_WARN_COMMA = YES;
				CLANG_WARN_CONSTANT_CONVERSION = YES;
				CLANG_WARN_DEPRECATED_OBJC_IMPLEMENTATIONS = YES;
				CLANG_WARN_DIRECT_OBJC_ISA_USAGE = YES_ERROR;
				CLANG_WARN_DOCUMENTATION_COMMENTS = YES;
				CLANG_WARN_EMPTY_BODY = YES;
				CLANG_WARN_ENUM_CONVERSION = YES;
				CLANG_WARN_INFINITE_RECURSION = YES;
				CLANG_WARN_INT_CONVERSION = YES;
				CLANG_WARN_NON_LITERAL_NULL_CONVERSION = YES;
				CLANG_WARN_OBJC_IMPLICIT_RETAIN_SELF = YES;
				CLANG_WARN_OBJC_LITERAL_CONVERSION = YES;
				CLANG_WARN_OBJC_ROOT_CLASS = YES_ERROR;
				CLANG_WARN_RANGE_LOOP_ANALYSIS = YES;
				CLANG_WARN_STRICT_PROTOTYPES = YES;
				CLANG_WARN_SUSPICIOUS_MOVE = YES;
				CLANG_WARN_UNGUARDED_AVAILABILITY = YES_AGGRESSIVE;
				CLANG_WARN_UNREACHABLE_CODE = YES;
				CLANG_WARN__DUPLICATE_METHOD_MATCH = YES;
				CODE_SIGN_IDENTITY = "iPhone Developer";
				COPY_PHASE_STRIP = NO;
				DEBUG_INFORMATION_FORMAT = "dwarf-with-dsym";
				ENABLE_NS_ASSERTIONS = NO;
				ENABLE_STRICT_OBJC_MSGSEND = YES;
				GCC_C_LANGUAGE_STANDARD = gnu11;
				GCC_NO_COMMON_BLOCKS = YES;
				GCC_WARN_64_TO_32_BIT_CONVERSION = YES;
				GCC_WARN_ABOUT_RETURN_TYPE = YES_ERROR;
				GCC_WARN_UNDECLARED_SELECTOR = YES;
				GCC_WARN_UNINITIALIZED_AUTOS = YES_AGGRESSIVE;
				GCC_WARN_UNUSED_FUNCTION = YES;
				GCC_WARN_UNUSED_VARIABLE = YES;
				IPHONEOS_DEPLOYMENT_TARGET = 12.1;
				MTL_ENABLE_DEBUG_INFO = NO;
				MTL_FAST_MATH = YES;
				SDKROOT = iphoneos;
				SWIFT_COMPILATION_MODE = wholemodule;
				SWIFT_OPTIMIZATION_LEVEL = "-O";
				VALIDATE_PRODUCT = YES;
			};
			name = Release;
		};
		4DB4D91A221EBCEA0019F972 /* Debug */ = {
			isa = XCBuildConfiguration;
			buildSettings = {
				ASSETCATALOG_COMPILER_APPICON_NAME = AppIcon;
				CODE_SIGN_STYLE = Automatic;
				DEVELOPMENT_TEAM = U6Z2MCMJT7;
				INFOPLIST_FILE = "$(SRCROOT)/WhyUseMVP/SupportFiles/Info.plist";
				LD_RUNPATH_SEARCH_PATHS = (
					"$(inherited)",
					"@executable_path/Frameworks",
				);
				PRODUCT_BUNDLE_IDENTIFIER = com.MoRabie.WhyUseMVP;
				PRODUCT_NAME = "$(TARGET_NAME)";
				SWIFT_VERSION = 4.2;
				TARGETED_DEVICE_FAMILY = "1,2";
			};
			name = Debug;
		};
		4DB4D91B221EBCEA0019F972 /* Release */ = {
			isa = XCBuildConfiguration;
			buildSettings = {
				ASSETCATALOG_COMPILER_APPICON_NAME = AppIcon;
				CODE_SIGN_STYLE = Automatic;
				DEVELOPMENT_TEAM = U6Z2MCMJT7;
				INFOPLIST_FILE = "$(SRCROOT)/WhyUseMVP/SupportFiles/Info.plist";
				LD_RUNPATH_SEARCH_PATHS = (
					"$(inherited)",
					"@executable_path/Frameworks",
				);
				PRODUCT_BUNDLE_IDENTIFIER = com.MoRabie.WhyUseMVP;
				PRODUCT_NAME = "$(TARGET_NAME)";
				SWIFT_VERSION = 4.2;
				TARGETED_DEVICE_FAMILY = "1,2";
			};
			name = Release;
		};
		4DB4D91D221EBCEA0019F972 /* Debug */ = {
			isa = XCBuildConfiguration;
			buildSettings = {
				ALWAYS_EMBED_SWIFT_STANDARD_LIBRARIES = YES;
				BUNDLE_LOADER = "$(TEST_HOST)";
				CODE_SIGN_STYLE = Automatic;
				DEVELOPMENT_TEAM = U6Z2MCMJT7;
				INFOPLIST_FILE = WhyUseMVPTests/Info.plist;
				LD_RUNPATH_SEARCH_PATHS = (
					"$(inherited)",
					"@executable_path/Frameworks",
					"@loader_path/Frameworks",
				);
				PRODUCT_BUNDLE_IDENTIFIER = com.MoRabie.WhyUseMVPTests;
				PRODUCT_NAME = "$(TARGET_NAME)";
				SWIFT_VERSION = 4.2;
				TARGETED_DEVICE_FAMILY = "1,2";
				TEST_HOST = "$(BUILT_PRODUCTS_DIR)/WhyUseMVP.app/WhyUseMVP";
			};
			name = Debug;
		};
		4DB4D91E221EBCEA0019F972 /* Release */ = {
			isa = XCBuildConfiguration;
			buildSettings = {
				ALWAYS_EMBED_SWIFT_STANDARD_LIBRARIES = YES;
				BUNDLE_LOADER = "$(TEST_HOST)";
				CODE_SIGN_STYLE = Automatic;
				DEVELOPMENT_TEAM = U6Z2MCMJT7;
				INFOPLIST_FILE = WhyUseMVPTests/Info.plist;
				LD_RUNPATH_SEARCH_PATHS = (
					"$(inherited)",
					"@executable_path/Frameworks",
					"@loader_path/Frameworks",
				);
				PRODUCT_BUNDLE_IDENTIFIER = com.MoRabie.WhyUseMVPTests;
				PRODUCT_NAME = "$(TARGET_NAME)";
				SWIFT_VERSION = 4.2;
				TARGETED_DEVICE_FAMILY = "1,2";
				TEST_HOST = "$(BUILT_PRODUCTS_DIR)/WhyUseMVP.app/WhyUseMVP";
			};
			name = Release;
		};
		4DB4D920221EBCEA0019F972 /* Debug */ = {
			isa = XCBuildConfiguration;
			buildSettings = {
				ALWAYS_EMBED_SWIFT_STANDARD_LIBRARIES = YES;
				CODE_SIGN_STYLE = Automatic;
				DEVELOPMENT_TEAM = U6Z2MCMJT7;
				INFOPLIST_FILE = WhyUseMVPUITests/Info.plist;
				LD_RUNPATH_SEARCH_PATHS = (
					"$(inherited)",
					"@executable_path/Frameworks",
					"@loader_path/Frameworks",
				);
				PRODUCT_BUNDLE_IDENTIFIER = com.MoRabie.WhyUseMVPUITests;
				PRODUCT_NAME = "$(TARGET_NAME)";
				SWIFT_VERSION = 4.2;
				TARGETED_DEVICE_FAMILY = "1,2";
				TEST_TARGET_NAME = WhyUseMVP;
			};
			name = Debug;
		};
		4DB4D921221EBCEA0019F972 /* Release */ = {
			isa = XCBuildConfiguration;
			buildSettings = {
				ALWAYS_EMBED_SWIFT_STANDARD_LIBRARIES = YES;
				CODE_SIGN_STYLE = Automatic;
				DEVELOPMENT_TEAM = U6Z2MCMJT7;
				INFOPLIST_FILE = WhyUseMVPUITests/Info.plist;
				LD_RUNPATH_SEARCH_PATHS = (
					"$(inherited)",
					"@executable_path/Frameworks",
					"@loader_path/Frameworks",
				);
				PRODUCT_BUNDLE_IDENTIFIER = com.MoRabie.WhyUseMVPUITests;
				PRODUCT_NAME = "$(TARGET_NAME)";
				SWIFT_VERSION = 4.2;
				TARGETED_DEVICE_FAMILY = "1,2";
				TEST_TARGET_NAME = WhyUseMVP;
			};
			name = Release;
		};
/* End XCBuildConfiguration section */

/* Begin XCConfigurationList section */
		4DB4D8E9221EBCE90019F972 /* Build configuration list for PBXProject "WhyUseMVP" */ = {
			isa = XCConfigurationList;
			buildConfigurations = (
				4DB4D917221EBCEA0019F972 /* Debug */,
				4DB4D918221EBCEA0019F972 /* Release */,
			);
			defaultConfigurationIsVisible = 0;
			defaultConfigurationName = Release;
		};
		4DB4D919221EBCEA0019F972 /* Build configuration list for PBXNativeTarget "WhyUseMVP" */ = {
			isa = XCConfigurationList;
			buildConfigurations = (
				4DB4D91A221EBCEA0019F972 /* Debug */,
				4DB4D91B221EBCEA0019F972 /* Release */,
			);
			defaultConfigurationIsVisible = 0;
			defaultConfigurationName = Release;
		};
		4DB4D91C221EBCEA0019F972 /* Build configuration list for PBXNativeTarget "WhyUseMVPTests" */ = {
			isa = XCConfigurationList;
			buildConfigurations = (
				4DB4D91D221EBCEA0019F972 /* Debug */,
				4DB4D91E221EBCEA0019F972 /* Release */,
			);
			defaultConfigurationIsVisible = 0;
			defaultConfigurationName = Release;
		};
		4DB4D91F221EBCEA0019F972 /* Build configuration list for PBXNativeTarget "WhyUseMVPUITests" */ = {
			isa = XCConfigurationList;
			buildConfigurations = (
				4DB4D920221EBCEA0019F972 /* Debug */,
				4DB4D921221EBCEA0019F972 /* Release */,
			);
			defaultConfigurationIsVisible = 0;
			defaultConfigurationName = Release;
		};
/* End XCConfigurationList section */

/* Begin XCVersionGroup section */
		4DB4D8F8221EBCEA0019F972 /* WhyUseMVP.xcdatamodeld */ = {
			isa = XCVersionGroup;
			children = (
				4DB4D8F9221EBCEA0019F972 /* WhyUseMVP.xcdatamodel */,
			);
			currentVersion = 4DB4D8F9221EBCEA0019F972 /* WhyUseMVP.xcdatamodel */;
			path = WhyUseMVP.xcdatamodeld;
			sourceTree = "<group>";
			versionGroupType = wrapper.xcdatamodel;
		};
/* End XCVersionGroup section */
	};
	rootObject = 4DB4D8E6221EBCE90019F972 /* Project object */;
}
